
Microsoft Visual Studio Solution File, Format Version 12.00
# Visual Studio Version 16
VisualStudioVersion = 16.0.31025.194
MinimumVisualStudioVersion = 10.0.40219.1
Project("{FAE04EC0-301F-11D3-BF4B-00C04F79EFBC}") = "ArtNeuralNetwork", "ArtNeuralNetwork.csproj", "{753C785F-BF92-4420-A2BF-6CDFD20C6D5D}"
EndProject
Global
	GlobalSection(SolutionConfigurationPlatforms) = preSolution
		Debug|Any CPU = Debug|Any CPU
		Release|Any CPU = Release|Any CPU
	EndGlobalSection
	GlobalSection(ProjectConfigurationPlatforms) = postSolution
		{753C785F-BF92-4420-A2BF-6CDFD20C6D5D}.Debug|Any CPU.ActiveCfg = Debug|Any CPU
		{753C785F-BF92-4420-A2BF-6CDFD20C6D5D}.Debug|Any CPU.Build.0 = Debug|Any CPU
		{753C785F-BF92-4420-A2BF-6CDFD20C6D5D}.Release|Any CPU.ActiveCfg = Release|Any CPU
		{753C785F-BF92-4420-A2BF-6CDFD20C6D5D}.Release|Any CPU.Build.0 = Release|Any CPU
	EndGlobalSection
	GlobalSection(SolutionProperties) = preSolution
		HideSolutionNode = FALSE
	EndGlobalSection
	GlobalSection(ExtensibilityGlobals) = postSolution
		SolutionGuid = {69DA54E7-0915-4ED8-B43A-ECA11D29A6AD}
	EndGlobalSection
EndGlobal
